
Microsoft Visual Studio Solution File, Format Version 12.00
# Visual Studio Version 17
VisualStudioVersion = 17.8.34330.188
MinimumVisualStudioVersion = 10.0.40219.1
Project("{FAE04EC0-301F-11D3-BF4B-00C04F79EFBC}") = "PluralNet.Core", "PluralNet.Core\PluralNet.Core.csproj", "{B78546DD-E03B-49DB-97C9-47287C517942}"
EndProject
Global
	GlobalSection(SolutionConfigurationPlatforms) = preSolution
		Debug|Any CPU = Debug|Any CPU
		Release|Any CPU = Release|Any CPU
	EndGlobalSection
	GlobalSection(ProjectConfigurationPlatforms) = postSolution
		{B78546DD-E03B-49DB-97C9-47287C517942}.Debug|Any CPU.ActiveCfg = Debug|Any CPU
		{B78546DD-E03B-49DB-97C9-47287C517942}.Debug|Any CPU.Build.0 = Debug|Any CPU
		{B78546DD-E03B-49DB-97C9-47287C517942}.Release|Any CPU.ActiveCfg = Release|Any CPU
		{B78546DD-E03B-49DB-97C9-47287C517942}.Release|Any CPU.Build.0 = Release|Any CPU
	EndGlobalSection
	GlobalSection(SolutionProperties) = preSolution
		HideSolutionNode = FALSE
	EndGlobalSection
	GlobalSection(ExtensibilityGlobals) = postSolution
		SolutionGuid = {B7E873E0-AE81-437C-8B30-CC6999F83240}
	EndGlobalSection
EndGlobal
